# THIS IS AN AUTOGENERATED FILE. DO NOT EDIT THIS FILE DIRECTLY.
# yarn lockfile v1


jquery@^3.6.1:
  version "3.6.1"
  resolved "https://registry.yarnpkg.com/jquery/-/jquery-3.6.1.tgz#fab0408f8b45fc19f956205773b62b292c147a16"
  integrity sha512-opJeO4nCucVnsjiXOE+/PcCgYw9Gwpvs/a6B1LL/lQhwWwpbVEVYDZ1FokFr8PRc7ghYlrFPuyHuiiDNTQxmcw==

swagger-ui-dist@^4.14.2:
  version "4.14.2"
  resolved "https://registry.yarnpkg.com/swagger-ui-dist/-/swagger-ui-dist-4.14.2.tgz#fbcacc7efae64c94f7335810d7ee8f93b6c65400"
  integrity sha512-kOIU7Ts3TrXDLb3/c9jRe4qGp8O3bRT19FFJA8wJfrRFkcK/4atPn3krhtBVJ57ZkNNofworXHxuYwmaisXBdg==
